
Microsoft Visual Studio Solution File, Format Version 12.00
# Visual Studio Version 16
VisualStudioVersion = 16.0.29519.87
MinimumVisualStudioVersion = 10.0.40219.1
Project("{FAE04EC0-301F-11D3-BF4B-00C04F79EFBC}") = "Verwarming.Wpf", "H04-Verwarming.Wpf\Verwarming.Wpf.csproj", "{FF367776-58EA-41EA-9676-5FF90CDD7F1D}"
EndProject
Project("{FAE04EC0-301F-11D3-BF4B-00C04F79EFBC}") = "Verwarming.Lib", "Verwarming.Lib\Verwarming.Lib.csproj", "{3AC13A64-6ABF-4162-B3C8-3C6A94ED8E36}"
EndProject
Global
	GlobalSection(SolutionConfigurationPlatforms) = preSolution
		Debug|Any CPU = Debug|Any CPU
		Release|Any CPU = Release|Any CPU
	EndGlobalSection
	GlobalSection(ProjectConfigurationPlatforms) = postSolution
		{FF367776-58EA-41EA-9676-5FF90CDD7F1D}.Debug|Any CPU.ActiveCfg = Debug|Any CPU
		{FF367776-58EA-41EA-9676-5FF90CDD7F1D}.Debug|Any CPU.Build.0 = Debug|Any CPU
		{FF367776-58EA-41EA-9676-5FF90CDD7F1D}.Release|Any CPU.ActiveCfg = Release|Any CPU
		{FF367776-58EA-41EA-9676-5FF90CDD7F1D}.Release|Any CPU.Build.0 = Release|Any CPU
		{3AC13A64-6ABF-4162-B3C8-3C6A94ED8E36}.Debug|Any CPU.ActiveCfg = Debug|Any CPU
		{3AC13A64-6ABF-4162-B3C8-3C6A94ED8E36}.Debug|Any CPU.Build.0 = Debug|Any CPU
		{3AC13A64-6ABF-4162-B3C8-3C6A94ED8E36}.Release|Any CPU.ActiveCfg = Release|Any CPU
		{3AC13A64-6ABF-4162-B3C8-3C6A94ED8E36}.Release|Any CPU.Build.0 = Release|Any CPU
	EndGlobalSection
	GlobalSection(SolutionProperties) = preSolution
		HideSolutionNode = FALSE
	EndGlobalSection
	GlobalSection(ExtensibilityGlobals) = postSolution
		SolutionGuid = {4A331A8D-AE33-4158-B75D-70DA3FB57B10}
	EndGlobalSection
EndGlobal
